
Microsoft Visual Studio Solution File, Format Version 12.00
# Visual Studio Version 16
VisualStudioVersion = 16.0.29503.13
MinimumVisualStudioVersion = 10.0.40219.1
Project("{FAE04EC0-301F-11D3-BF4B-00C04F79EFBC}") = "analyzer", "analyzer\analyzer.csproj", "{6BF4B381-FD89-4874-B266-03F4E03FEC7F}"
EndProject
Global
	GlobalSection(SolutionConfigurationPlatforms) = preSolution
		Debug|Any CPU = Debug|Any CPU
		Release|Any CPU = Release|Any CPU
	EndGlobalSection
	GlobalSection(ProjectConfigurationPlatforms) = postSolution
		{6BF4B381-FD89-4874-B266-03F4E03FEC7F}.Debug|Any CPU.ActiveCfg = Debug|Any CPU
		{6BF4B381-FD89-4874-B266-03F4E03FEC7F}.Debug|Any CPU.Build.0 = Debug|Any CPU
		{6BF4B381-FD89-4874-B266-03F4E03FEC7F}.Release|Any CPU.ActiveCfg = Release|Any CPU
		{6BF4B381-FD89-4874-B266-03F4E03FEC7F}.Release|Any CPU.Build.0 = Release|Any CPU
	EndGlobalSection
	GlobalSection(SolutionProperties) = preSolution
		HideSolutionNode = FALSE
	EndGlobalSection
	GlobalSection(ExtensibilityGlobals) = postSolution
		SolutionGuid = {3B43A7C3-24C0-44B9-8008-793972A77462}
	EndGlobalSection
EndGlobal
